
Microsoft Visual Studio Solution File, Format Version 12.00
# Visual Studio Version 17
VisualStudioVersion = 17.5.33502.453
MinimumVisualStudioVersion = 10.0.40219.1
Project("{54A90642-561A-4BB1-A94E-469ADEE60C69}") = "marchmadnessreact", "MarchMadnessReact\marchmadnessreact.esproj", "{4BB9A08C-E261-42D5-B2FC-7C67D7EDF242}"
EndProject
Global
	GlobalSection(SolutionConfigurationPlatforms) = preSolution
		Debug|Any CPU = Debug|Any CPU
		Release|Any CPU = Release|Any CPU
	EndGlobalSection
	GlobalSection(ProjectConfigurationPlatforms) = postSolution
		{4BB9A08C-E261-42D5-B2FC-7C67D7EDF242}.Debug|Any CPU.ActiveCfg = Debug|Any CPU
		{4BB9A08C-E261-42D5-B2FC-7C67D7EDF242}.Debug|Any CPU.Build.0 = Debug|Any CPU
		{4BB9A08C-E261-42D5-B2FC-7C67D7EDF242}.Debug|Any CPU.Deploy.0 = Debug|Any CPU
		{4BB9A08C-E261-42D5-B2FC-7C67D7EDF242}.Release|Any CPU.ActiveCfg = Release|Any CPU
		{4BB9A08C-E261-42D5-B2FC-7C67D7EDF242}.Release|Any CPU.Build.0 = Release|Any CPU
		{4BB9A08C-E261-42D5-B2FC-7C67D7EDF242}.Release|Any CPU.Deploy.0 = Release|Any CPU
	EndGlobalSection
	GlobalSection(SolutionProperties) = preSolution
		HideSolutionNode = FALSE
	EndGlobalSection
	GlobalSection(ExtensibilityGlobals) = postSolution
		SolutionGuid = {4DFAE5D3-4DF0-4E6B-B2DF-BE4277F01476}
	EndGlobalSection
EndGlobal
